
Microsoft Visual Studio Solution File, Format Version 12.00
# Visual Studio Version 17
VisualStudioVersion = 17.0.31903.59
MinimumVisualStudioVersion = 10.0.40219.1
Project("{2150E333-8FDC-42A3-9474-1A3956D46DE8}") = "src", "src", "{02EA681E-C7D8-13C7-8484-4AC65E1B71E8}"
	ProjectSection(SolutionItems) = preProject
		src\openapi.yaml = src\openapi.yaml
	EndProjectSection
EndProject
Project("{FAE04EC0-301F-11D3-BF4B-00C04F79EFBC}") = "StorageManager.Aspire.AppHost", "src\StorageManager.Aspire.AppHost\StorageManager.Aspire.AppHost.csproj", "{814A32F9-A7C4-F237-C166-35B9C89F6D6D}"
EndProject
Project("{FAE04EC0-301F-11D3-BF4B-00C04F79EFBC}") = "StorageManager.Aspire.ServiceDefaults", "src\StorageManager.Aspire.ServiceDefaults\StorageManager.Aspire.ServiceDefaults.csproj", "{F5D45EE5-7024-BAD7-0BDC-7CEC8580EB3E}"
EndProject
Project("{FAE04EC0-301F-11D3-BF4B-00C04F79EFBC}") = "StorageManager.Functions", "src\StorageManager.Functions\StorageManager.Functions.csproj", "{06BFD903-1C80-E5BF-E2ED-8B7C50628B8C}"
EndProject
Project("{FAE04EC0-301F-11D3-BF4B-00C04F79EFBC}") = "StorageManager.Shared", "src\StorageManager.Shared\StorageManager.Shared.csproj", "{8F5B2CE3-0C3A-CFF6-6632-E2446E5984B2}"
EndProject
Project("{FAE04EC0-301F-11D3-BF4B-00C04F79EFBC}") = "StorageManager.Core", "src\StorageManager.Core\StorageManager.Core.csproj", "{95637D0B-64A3-5510-F931-FE48B033F5BC}"
EndProject
Project("{2150E333-8FDC-42A3-9474-1A3956D46DE8}") = "aspire", "aspire", "{725089F1-75CC-430F-88EA-9939F47F14B9}"
EndProject
Project("{2150E333-8FDC-42A3-9474-1A3956D46DE8}") = "frontend", "frontend", "{7C65EF82-628B-49FD-9A5C-6B701C595E0A}"
EndProject
Project("{2150E333-8FDC-42A3-9474-1A3956D46DE8}") = "backend", "backend", "{D11EE3D4-B588-44DA-923B-ED8EE63A8B7E}"
EndProject
Project("{FAE04EC0-301F-11D3-BF4B-00C04F79EFBC}") = "StorageManager.Domain", "src\StorageManager.Domain\StorageManager.Domain.csproj", "{562EA661-439F-A951-A97D-A7480824C009}"
EndProject
Project("{FAE04EC0-301F-11D3-BF4B-00C04F79EFBC}") = "StorageManager.Application", "src\StorageManager.Application\StorageManager.Application.csproj", "{DAC2EB5B-15AD-BFDA-6784-AC52CA06DEC3}"
EndProject
Project("{FAE04EC0-301F-11D3-BF4B-00C04F79EFBC}") = "StorageManager.Web", "src\StorageManager.Web\StorageManager.Web.csproj", "{1DAD7EE9-55EC-4702-88A0-0AE25BEACD3D}"
EndProject
Project("{2150E333-8FDC-42A3-9474-1A3956D46DE8}") = "core", "core", "{58B3E2DF-D152-41C7-A184-1F354DDD2189}"
EndProject
Project("{2150E333-8FDC-42A3-9474-1A3956D46DE8}") = "tests", "tests", "{27DE0522-D293-49F9-AA72-A31A50AA490F}"
EndProject
Project("{FAE04EC0-301F-11D3-BF4B-00C04F79EFBC}") = "StorageManager.IntegrationTests", "tests\StorageManager.IntegrationTests\StorageManager.IntegrationTests.csproj", "{02E2943F-3D21-465E-A52E-AF37929E9F8D}"
EndProject
Project("{FAE04EC0-301F-11D3-BF4B-00C04F79EFBC}") = "StorageManager.Service.Host", "src\StorageManager.Service.Host\StorageManager.Service.Host.csproj", "{1FA2A599-E193-46D1-84C4-5D1470739216}"
EndProject
Project("{FAE04EC0-301F-11D3-BF4B-00C04F79EFBC}") = "StorageManager.Infrastructure", "src\StorageManager.Infrastructure\StorageManager.Infrastructure.csproj", "{89AA2780-A135-4604-93C7-C47252026CAE}"
EndProject
Project("{FAE04EC0-301F-11D3-BF4B-00C04F79EFBC}") = "StorageManager.Client", "src\StorageManager.Client\StorageManager.Client.csproj", "{C768C11A-7AE7-4EF1-B246-F0795403D869}"
EndProject
Project("{FAE04EC0-301F-11D3-BF4B-00C04F79EFBC}") = "StorageManager.DeviceConfigurator", "src\StorageManager.DeviceConfigurator\StorageManager.DeviceConfigurator.csproj", "{6D95A46E-A00C-4B44-9E31-4E0F8EFCD08A}"
EndProject
Global
	GlobalSection(SolutionConfigurationPlatforms) = preSolution
		Debug|Any CPU = Debug|Any CPU
		Release|Any CPU = Release|Any CPU
	EndGlobalSection
	GlobalSection(ProjectConfigurationPlatforms) = postSolution
		{814A32F9-A7C4-F237-C166-35B9C89F6D6D}.Debug|Any CPU.ActiveCfg = Debug|Any CPU
		{814A32F9-A7C4-F237-C166-35B9C89F6D6D}.Debug|Any CPU.Build.0 = Debug|Any CPU
		{814A32F9-A7C4-F237-C166-35B9C89F6D6D}.Release|Any CPU.ActiveCfg = Release|Any CPU
		{814A32F9-A7C4-F237-C166-35B9C89F6D6D}.Release|Any CPU.Build.0 = Release|Any CPU
		{F5D45EE5-7024-BAD7-0BDC-7CEC8580EB3E}.Debug|Any CPU.ActiveCfg = Debug|Any CPU
		{F5D45EE5-7024-BAD7-0BDC-7CEC8580EB3E}.Debug|Any CPU.Build.0 = Debug|Any CPU
		{F5D45EE5-7024-BAD7-0BDC-7CEC8580EB3E}.Release|Any CPU.ActiveCfg = Release|Any CPU
		{F5D45EE5-7024-BAD7-0BDC-7CEC8580EB3E}.Release|Any CPU.Build.0 = Release|Any CPU
		{06BFD903-1C80-E5BF-E2ED-8B7C50628B8C}.Debug|Any CPU.ActiveCfg = Debug|Any CPU
		{06BFD903-1C80-E5BF-E2ED-8B7C50628B8C}.Debug|Any CPU.Build.0 = Debug|Any CPU
		{06BFD903-1C80-E5BF-E2ED-8B7C50628B8C}.Release|Any CPU.ActiveCfg = Release|Any CPU
		{06BFD903-1C80-E5BF-E2ED-8B7C50628B8C}.Release|Any CPU.Build.0 = Release|Any CPU
		{8F5B2CE3-0C3A-CFF6-6632-E2446E5984B2}.Debug|Any CPU.ActiveCfg = Debug|Any CPU
		{8F5B2CE3-0C3A-CFF6-6632-E2446E5984B2}.Debug|Any CPU.Build.0 = Debug|Any CPU
		{8F5B2CE3-0C3A-CFF6-6632-E2446E5984B2}.Release|Any CPU.ActiveCfg = Release|Any CPU
		{8F5B2CE3-0C3A-CFF6-6632-E2446E5984B2}.Release|Any CPU.Build.0 = Release|Any CPU
		{95637D0B-64A3-5510-F931-FE48B033F5BC}.Debug|Any CPU.ActiveCfg = Debug|Any CPU
		{95637D0B-64A3-5510-F931-FE48B033F5BC}.Debug|Any CPU.Build.0 = Debug|Any CPU
		{95637D0B-64A3-5510-F931-FE48B033F5BC}.Release|Any CPU.ActiveCfg = Release|Any CPU
		{95637D0B-64A3-5510-F931-FE48B033F5BC}.Release|Any CPU.Build.0 = Release|Any CPU
		{562EA661-439F-A951-A97D-A7480824C009}.Debug|Any CPU.ActiveCfg = Debug|Any CPU
		{562EA661-439F-A951-A97D-A7480824C009}.Debug|Any CPU.Build.0 = Debug|Any CPU
		{562EA661-439F-A951-A97D-A7480824C009}.Release|Any CPU.ActiveCfg = Release|Any CPU
		{562EA661-439F-A951-A97D-A7480824C009}.Release|Any CPU.Build.0 = Release|Any CPU
		{DAC2EB5B-15AD-BFDA-6784-AC52CA06DEC3}.Debug|Any CPU.ActiveCfg = Debug|Any CPU
		{DAC2EB5B-15AD-BFDA-6784-AC52CA06DEC3}.Debug|Any CPU.Build.0 = Debug|Any CPU
		{DAC2EB5B-15AD-BFDA-6784-AC52CA06DEC3}.Release|Any CPU.ActiveCfg = Release|Any CPU
		{DAC2EB5B-15AD-BFDA-6784-AC52CA06DEC3}.Release|Any CPU.Build.0 = Release|Any CPU
		{1DAD7EE9-55EC-4702-88A0-0AE25BEACD3D}.Debug|Any CPU.ActiveCfg = Debug|Any CPU
		{1DAD7EE9-55EC-4702-88A0-0AE25BEACD3D}.Debug|Any CPU.Build.0 = Debug|Any CPU
		{1DAD7EE9-55EC-4702-88A0-0AE25BEACD3D}.Release|Any CPU.ActiveCfg = Release|Any CPU
		{1DAD7EE9-55EC-4702-88A0-0AE25BEACD3D}.Release|Any CPU.Build.0 = Release|Any CPU
		{02E2943F-3D21-465E-A52E-AF37929E9F8D}.Debug|Any CPU.ActiveCfg = Debug|Any CPU
		{02E2943F-3D21-465E-A52E-AF37929E9F8D}.Debug|Any CPU.Build.0 = Debug|Any CPU
		{02E2943F-3D21-465E-A52E-AF37929E9F8D}.Release|Any CPU.ActiveCfg = Release|Any CPU
		{02E2943F-3D21-465E-A52E-AF37929E9F8D}.Release|Any CPU.Build.0 = Release|Any CPU
		{1FA2A599-E193-46D1-84C4-5D1470739216}.Debug|Any CPU.ActiveCfg = Debug|Any CPU
		{1FA2A599-E193-46D1-84C4-5D1470739216}.Debug|Any CPU.Build.0 = Debug|Any CPU
		{1FA2A599-E193-46D1-84C4-5D1470739216}.Release|Any CPU.ActiveCfg = Release|Any CPU
		{1FA2A599-E193-46D1-84C4-5D1470739216}.Release|Any CPU.Build.0 = Release|Any CPU
		{89AA2780-A135-4604-93C7-C47252026CAE}.Debug|Any CPU.ActiveCfg = Debug|Any CPU
		{89AA2780-A135-4604-93C7-C47252026CAE}.Debug|Any CPU.Build.0 = Debug|Any CPU
		{89AA2780-A135-4604-93C7-C47252026CAE}.Release|Any CPU.ActiveCfg = Release|Any CPU
		{89AA2780-A135-4604-93C7-C47252026CAE}.Release|Any CPU.Build.0 = Release|Any CPU
		{C768C11A-7AE7-4EF1-B246-F0795403D869}.Debug|Any CPU.ActiveCfg = Debug|Any CPU
		{C768C11A-7AE7-4EF1-B246-F0795403D869}.Debug|Any CPU.Build.0 = Debug|Any CPU
		{C768C11A-7AE7-4EF1-B246-F0795403D869}.Release|Any CPU.ActiveCfg = Release|Any CPU
		{C768C11A-7AE7-4EF1-B246-F0795403D869}.Release|Any CPU.Build.0 = Release|Any CPU
		{6D95A46E-A00C-4B44-9E31-4E0F8EFCD08A}.Debug|Any CPU.ActiveCfg = Debug|Any CPU
		{6D95A46E-A00C-4B44-9E31-4E0F8EFCD08A}.Debug|Any CPU.Build.0 = Debug|Any CPU
		{6D95A46E-A00C-4B44-9E31-4E0F8EFCD08A}.Debug|Any CPU.Deploy.0 = Debug|Any CPU
		{6D95A46E-A00C-4B44-9E31-4E0F8EFCD08A}.Release|Any CPU.ActiveCfg = Release|Any CPU
		{6D95A46E-A00C-4B44-9E31-4E0F8EFCD08A}.Release|Any CPU.Build.0 = Release|Any CPU
	EndGlobalSection
	GlobalSection(SolutionProperties) = preSolution
		HideSolutionNode = FALSE
	EndGlobalSection
	GlobalSection(NestedProjects) = preSolution
		{814A32F9-A7C4-F237-C166-35B9C89F6D6D} = {725089F1-75CC-430F-88EA-9939F47F14B9}
		{F5D45EE5-7024-BAD7-0BDC-7CEC8580EB3E} = {725089F1-75CC-430F-88EA-9939F47F14B9}
		{06BFD903-1C80-E5BF-E2ED-8B7C50628B8C} = {D11EE3D4-B588-44DA-923B-ED8EE63A8B7E}
		{8F5B2CE3-0C3A-CFF6-6632-E2446E5984B2} = {58B3E2DF-D152-41C7-A184-1F354DDD2189}
		{95637D0B-64A3-5510-F931-FE48B033F5BC} = {58B3E2DF-D152-41C7-A184-1F354DDD2189}
		{725089F1-75CC-430F-88EA-9939F47F14B9} = {02EA681E-C7D8-13C7-8484-4AC65E1B71E8}
		{7C65EF82-628B-49FD-9A5C-6B701C595E0A} = {02EA681E-C7D8-13C7-8484-4AC65E1B71E8}
		{D11EE3D4-B588-44DA-923B-ED8EE63A8B7E} = {02EA681E-C7D8-13C7-8484-4AC65E1B71E8}
		{562EA661-439F-A951-A97D-A7480824C009} = {58B3E2DF-D152-41C7-A184-1F354DDD2189}
		{DAC2EB5B-15AD-BFDA-6784-AC52CA06DEC3} = {58B3E2DF-D152-41C7-A184-1F354DDD2189}
		{1DAD7EE9-55EC-4702-88A0-0AE25BEACD3D} = {7C65EF82-628B-49FD-9A5C-6B701C595E0A}
		{58B3E2DF-D152-41C7-A184-1F354DDD2189} = {02EA681E-C7D8-13C7-8484-4AC65E1B71E8}
		{02E2943F-3D21-465E-A52E-AF37929E9F8D} = {27DE0522-D293-49F9-AA72-A31A50AA490F}
		{1FA2A599-E193-46D1-84C4-5D1470739216} = {D11EE3D4-B588-44DA-923B-ED8EE63A8B7E}
		{89AA2780-A135-4604-93C7-C47252026CAE} = {58B3E2DF-D152-41C7-A184-1F354DDD2189}
		{C768C11A-7AE7-4EF1-B246-F0795403D869} = {58B3E2DF-D152-41C7-A184-1F354DDD2189}
		{6D95A46E-A00C-4B44-9E31-4E0F8EFCD08A} = {7C65EF82-628B-49FD-9A5C-6B701C595E0A}
	EndGlobalSection
	GlobalSection(ExtensibilityGlobals) = postSolution
		SolutionGuid = {C736020C-97C1-42DF-8FDA-059540AB3EA6}
	EndGlobalSection
EndGlobal
